
Microsoft Visual Studio Solution File, Format Version 12.00
# Visual Studio Version 16
VisualStudioVersion = 16.0.29215.179
MinimumVisualStudioVersion = 10.0.40219.1
Project("{FAE04EC0-301F-11D3-BF4B-00C04F79EFBC}") = "SubBox", "SubBox\SubBox.csproj", "{CC77C1AF-9E13-4211-8BFC-46CC3FF56013}"
EndProject
Global
	GlobalSection(SolutionConfigurationPlatforms) = preSolution
		Debug|Any CPU = Debug|Any CPU
		Release|Any CPU = Release|Any CPU
	EndGlobalSection
	GlobalSection(ProjectConfigurationPlatforms) = postSolution
		{CC77C1AF-9E13-4211-8BFC-46CC3FF56013}.Debug|Any CPU.ActiveCfg = Debug|Any CPU
		{CC77C1AF-9E13-4211-8BFC-46CC3FF56013}.Debug|Any CPU.Build.0 = Debug|Any CPU
		{CC77C1AF-9E13-4211-8BFC-46CC3FF56013}.Release|Any CPU.ActiveCfg = Release|Any CPU
		{CC77C1AF-9E13-4211-8BFC-46CC3FF56013}.Release|Any CPU.Build.0 = Release|Any CPU
	EndGlobalSection
	GlobalSection(SolutionProperties) = preSolution
		HideSolutionNode = FALSE
	EndGlobalSection
	GlobalSection(ExtensibilityGlobals) = postSolution
		SolutionGuid = {1D64C660-68A6-461D-A4D0-2D17B22CB755}
	EndGlobalSection
EndGlobal
